
Microsoft Visual Studio Solution File, Format Version 12.00
# Visual Studio Version 17
VisualStudioVersion = 17.4.33122.133
MinimumVisualStudioVersion = 10.0.40219.1
Project("{FAE04EC0-301F-11D3-BF4B-00C04F79EFBC}") = "dummyproject", "dummyproject.csproj", "{189EDF31-CFDD-4C1D-8255-08642D16D2FC}"
EndProject
Global
	GlobalSection(SolutionConfigurationPlatforms) = preSolution
		Debug|Any CPU = Debug|Any CPU
		Release|Any CPU = Release|Any CPU
	EndGlobalSection
	GlobalSection(ProjectConfigurationPlatforms) = postSolution
		{189EDF31-CFDD-4C1D-8255-08642D16D2FC}.Debug|Any CPU.ActiveCfg = Debug|Any CPU
		{189EDF31-CFDD-4C1D-8255-08642D16D2FC}.Debug|Any CPU.Build.0 = Debug|Any CPU
		{189EDF31-CFDD-4C1D-8255-08642D16D2FC}.Release|Any CPU.ActiveCfg = Release|Any CPU
		{189EDF31-CFDD-4C1D-8255-08642D16D2FC}.Release|Any CPU.Build.0 = Release|Any CPU
	EndGlobalSection
	GlobalSection(SolutionProperties) = preSolution
		HideSolutionNode = FALSE
	EndGlobalSection
	GlobalSection(ExtensibilityGlobals) = postSolution
		SolutionGuid = {5CFB7DE5-74C5-4DE7-9A55-97424A93B9D2}
	EndGlobalSection
EndGlobal
